
Microsoft Visual Studio Solution File, Format Version 10.00
# Visual Studio 2008
Project("{FAE04EC0-301F-11D3-BF4B-00C04F79EFBC}") = "Core", "Core\Core.csproj", "{561DB868-A148-4B64-B73A-51A25A7E3FBE}"
EndProject
Project("{FAE04EC0-301F-11D3-BF4B-00C04F79EFBC}") = "Tests", "Tests\Tests.csproj", "{FFC1FF9E-F4EA-4045-B659-8C91D452EA67}"
EndProject
Global
	GlobalSection(SolutionConfigurationPlatforms) = preSolution
		Debug|Any CPU = Debug|Any CPU
		Release|Any CPU = Release|Any CPU
	EndGlobalSection
	GlobalSection(ProjectConfigurationPlatforms) = postSolution
		{561DB868-A148-4B64-B73A-51A25A7E3FBE}.Debug|Any CPU.ActiveCfg = Debug|Any CPU
		{561DB868-A148-4B64-B73A-51A25A7E3FBE}.Debug|Any CPU.Build.0 = Debug|Any CPU
		{561DB868-A148-4B64-B73A-51A25A7E3FBE}.Release|Any CPU.ActiveCfg = Release|Any CPU
		{561DB868-A148-4B64-B73A-51A25A7E3FBE}.Release|Any CPU.Build.0 = Release|Any CPU
		{FFC1FF9E-F4EA-4045-B659-8C91D452EA67}.Debug|Any CPU.ActiveCfg = Debug|Any CPU
		{FFC1FF9E-F4EA-4045-B659-8C91D452EA67}.Debug|Any CPU.Build.0 = Debug|Any CPU
		{FFC1FF9E-F4EA-4045-B659-8C91D452EA67}.Release|Any CPU.ActiveCfg = Release|Any CPU
		{FFC1FF9E-F4EA-4045-B659-8C91D452EA67}.Release|Any CPU.Build.0 = Release|Any CPU
	EndGlobalSection
	GlobalSection(SolutionProperties) = preSolution
		HideSolutionNode = FALSE
	EndGlobalSection
EndGlobal
